// !$*UTF8*$!
{
	archiveVersion = 1;
	classes = {
	};
	objectVersion = 46;
	objects = {

/* Begin PBXBuildFile section */
		ED43C1731AEFE3ED0060D1DD /* main.m in Sources */ = {isa = PBXBuildFile; fileRef = ED43C1721AEFE3ED0060D1DD /* main.m */; };
		ED43C1761AEFE3ED0060D1DD /* AppDelegate.m in Sources */ = {isa = PBXBuildFile; fileRef = ED43C1751AEFE3ED0060D1DD /* AppDelegate.m */; };
		ED43C1791AEFE3ED0060D1DD /* ViewController.m in Sources */ = {isa = PBXBuildFile; fileRef = ED43C1781AEFE3ED0060D1DD /* ViewController.m */; };
		ED43C17E1AEFE3EE0060D1DD /* Images.xcassets in Resources */ = {isa = PBXBuildFile; fileRef = ED43C17D1AEFE3EE0060D1DD /* Images.xcassets */; };
		ED43C1811AEFE3EE0060D1DD /* LaunchScreen.xib in Resources */ = {isa = PBXBuildFile; fileRef = ED43C17F1AEFE3EE0060D1DD /* LaunchScreen.xib */; };
		ED43C18D1AEFE3EE0060D1DD /* ScoopsPucelaTests.m in Sources */ = {isa = PBXBuildFile; fileRef = ED43C18C1AEFE3EE0060D1DD /* ScoopsPucelaTests.m */; };
		ED43C1971AEFF1580060D1DD /* WindowsAzureMobileServices.framework in Frameworks */ = {isa = PBXBuildFile; fileRef = ED43C1961AEFF1580060D1DD /* WindowsAzureMobileServices.framework */; };
		ED43C19C1AF01CA70060D1DD /* JESAAutoresViewController.m in Sources */ = {isa = PBXBuildFile; fileRef = ED43C19B1AF01CA60060D1DD /* JESAAutoresViewController.m */; };
		ED43C19F1AF01D630060D1DD /* JESANewsTableViewController.m in Sources */ = {isa = PBXBuildFile; fileRef = ED43C19E1AF01D630060D1DD /* JESANewsTableViewController.m */; };
		EDD135561AF36DC10005BBB5 /* Main.storyboard in Resources */ = {isa = PBXBuildFile; fileRef = EDD135541AF36DC10005BBB5 /* Main.storyboard */; };
		EDD1355C1AF4BD3E0005BBB5 /* JESANewCellView.m in Sources */ = {isa = PBXBuildFile; fileRef = EDD1355A1AF4BD3E0005BBB5 /* JESANewCellView.m */; };
		EDD1355D1AF4BD3E0005BBB5 /* JESANewCellView.xib in Resources */ = {isa = PBXBuildFile; fileRef = EDD1355B1AF4BD3E0005BBB5 /* JESANewCellView.xib */; };
		EDD1355F1AF4E46E0005BBB5 /* noimage.png in Resources */ = {isa = PBXBuildFile; fileRef = EDD1355E1AF4E46E0005BBB5 /* noimage.png */; };
		EDD135631AF51F610005BBB5 /* JESALocation.m in Sources */ = {isa = PBXBuildFile; fileRef = EDD135621AF51F600005BBB5 /* JESALocation.m */; };
		EDE9A6271AF151DE007F894D /* JESANews.m in Sources */ = {isa = PBXBuildFile; fileRef = EDE9A6261AF151DE007F894D /* JESANews.m */; };
		EDEB498A1AF6DB090078F8D8 /* JESAOwnNewsTableViewController.m in Sources */ = {isa = PBXBuildFile; fileRef = EDEB49891AF6DB090078F8D8 /* JESAOwnNewsTableViewController.m */; };
		EDEB498E1AF6DB3D0078F8D8 /* JESAAuthorNewCellView.m in Sources */ = {isa = PBXBuildFile; fileRef = EDEB498C1AF6DB3D0078F8D8 /* JESAAuthorNewCellView.m */; };
		EDEB498F1AF6DB3D0078F8D8 /* JESAAuthorNewCellView.xib in Resources */ = {isa = PBXBuildFile; fileRef = EDEB498D1AF6DB3D0078F8D8 /* JESAAuthorNewCellView.xib */; };
/* End PBXBuildFile section */

/* Begin PBXContainerItemProxy section */
		ED43C1871AEFE3EE0060D1DD /* PBXContainerItemProxy */ = {
			isa = PBXContainerItemProxy;
			containerPortal = ED43C1651AEFE3ED0060D1DD /* Project object */;
			proxyType = 1;
			remoteGlobalIDString = ED43C16C1AEFE3ED0060D1DD;
			remoteInfo = ScoopsPucela;
		};
/* End PBXContainerItemProxy section */

/* Begin PBXFileReference section */
		ED43C16D1AEFE3ED0060D1DD /* ScoopsPucela.app */ = {isa = PBXFileReference; explicitFileType = wrapper.application; includeInIndex = 0; path = ScoopsPucela.app; sourceTree = BUILT_PRODUCTS_DIR; };
		ED43C1711AEFE3ED0060D1DD /* Info.plist */ = {isa = PBXFileReference; lastKnownFileType = text.plist.xml; path = Info.plist; sourceTree = "<group>"; };
		ED43C1721AEFE3ED0060D1DD /* main.m */ = {isa = PBXFileReference; lastKnownFileType = sourcecode.c.objc; path = main.m; sourceTree = "<group>"; };
		ED43C1741AEFE3ED0060D1DD /* AppDelegate.h */ = {isa = PBXFileReference; lastKnownFileType = sourcecode.c.h; path = AppDelegate.h; sourceTree = "<group>"; };
		ED43C1751AEFE3ED0060D1DD /* AppDelegate.m */ = {isa = PBXFileReference; lastKnownFileType = sourcecode.c.objc; path = AppDelegate.m; sourceTree = "<group>"; };
		ED43C1771AEFE3ED0060D1DD /* ViewController.h */ = {isa = PBXFileReference; lastKnownFileType = sourcecode.c.h; path = ViewController.h; sourceTree = "<group>"; };
		ED43C1781AEFE3ED0060D1DD /* ViewController.m */ = {isa = PBXFileReference; lastKnownFileType = sourcecode.c.objc; path = ViewController.m; sourceTree = "<group>"; };
		ED43C17D1AEFE3EE0060D1DD /* Images.xcassets */ = {isa = PBXFileReference; lastKnownFileType = folder.assetcatalog; path = Images.xcassets; sourceTree = "<group>"; };
		ED43C1801AEFE3EE0060D1DD /* Base */ = {isa = PBXFileReference; lastKnownFileType = file.xib; name = Base; path = Base.lproj/LaunchScreen.xib; sourceTree = "<group>"; };
		ED43C1861AEFE3EE0060D1DD /* ScoopsPucelaTests.xctest */ = {isa = PBXFileReference; explicitFileType = wrapper.cfbundle; includeInIndex = 0; path = ScoopsPucelaTests.xctest; sourceTree = BUILT_PRODUCTS_DIR; };
		ED43C18B1AEFE3EE0060D1DD /* Info.plist */ = {isa = PBXFileReference; lastKnownFileType = text.plist.xml; path = Info.plist; sourceTree = "<group>"; };
		ED43C18C1AEFE3EE0060D1DD /* ScoopsPucelaTests.m */ = {isa = PBXFileReference; lastKnownFileType = sourcecode.c.objc; path = ScoopsPucelaTests.m; sourceTree = "<group>"; };
		ED43C1961AEFF1580060D1DD /* WindowsAzureMobileServices.framework */ = {isa = PBXFileReference; lastKnownFileType = wrapper.framework; path = WindowsAzureMobileServices.framework; sourceTree = "<group>"; };
		ED43C1981AEFF16F0060D1DD /* Settings.h */ = {isa = PBXFileReference; lastKnownFileType = sourcecode.c.h; path = Settings.h; sourceTree = "<group>"; };
		ED43C19A1AF01CA60060D1DD /* JESAAutoresViewController.h */ = {isa = PBXFileReference; fileEncoding = 4; lastKnownFileType = sourcecode.c.h; path = JESAAutoresViewController.h; sourceTree = "<group>"; };
		ED43C19B1AF01CA60060D1DD /* JESAAutoresViewController.m */ = {isa = PBXFileReference; fileEncoding = 4; lastKnownFileType = sourcecode.c.objc; path = JESAAutoresViewController.m; sourceTree = "<group>"; };
		ED43C19D1AF01D630060D1DD /* JESANewsTableViewController.h */ = {isa = PBXFileReference; fileEncoding = 4; lastKnownFileType = sourcecode.c.h; path = JESANewsTableViewController.h; sourceTree = "<group>"; };
		ED43C19E1AF01D630060D1DD /* JESANewsTableViewController.m */ = {isa = PBXFileReference; fileEncoding = 4; lastKnownFileType = sourcecode.c.objc; path = JESANewsTableViewController.m; sourceTree = "<group>"; };
		EDD135551AF36DC10005BBB5 /* Base */ = {isa = PBXFileReference; lastKnownFileType = file.storyboard; name = Base; path = Base.lproj/Main.storyboard; sourceTree = "<group>"; };
		EDD135591AF4BD3E0005BBB5 /* JESANewCellView.h */ = {isa = PBXFileReference; fileEncoding = 4; lastKnownFileType = sourcecode.c.h; path = JESANewCellView.h; sourceTree = "<group>"; };
		EDD1355A1AF4BD3E0005BBB5 /* JESANewCellView.m */ = {isa = PBXFileReference; fileEncoding = 4; lastKnownFileType = sourcecode.c.objc; path = JESANewCellView.m; sourceTree = "<group>"; };
		EDD1355B1AF4BD3E0005BBB5 /* JESANewCellView.xib */ = {isa = PBXFileReference; fileEncoding = 4; lastKnownFileType = file.xib; path = JESANewCellView.xib; sourceTree = "<group>"; };
		EDD1355E1AF4E46E0005BBB5 /* noimage.png */ = {isa = PBXFileReference; lastKnownFileType = image.png; path = noimage.png; sourceTree = "<group>"; };
		EDD135611AF51F600005BBB5 /* JESALocation.h */ = {isa = PBXFileReference; fileEncoding = 4; lastKnownFileType = sourcecode.c.h; path = JESALocation.h; sourceTree = "<group>"; };
		EDD135621AF51F600005BBB5 /* JESALocation.m */ = {isa = PBXFileReference; fileEncoding = 4; lastKnownFileType = sourcecode.c.objc; path = JESALocation.m; sourceTree = "<group>"; };
		EDE9A6251AF151DE007F894D /* JESANews.h */ = {isa = PBXFileReference; fileEncoding = 4; lastKnownFileType = sourcecode.c.h; path = JESANews.h; sourceTree = "<group>"; };
		EDE9A6261AF151DE007F894D /* JESANews.m */ = {isa = PBXFileReference; fileEncoding = 4; lastKnownFileType = sourcecode.c.objc; path = JESANews.m; sourceTree = "<group>"; };
		EDEB49881AF6DB090078F8D8 /* JESAOwnNewsTableViewController.h */ = {isa = PBXFileReference; fileEncoding = 4; lastKnownFileType = sourcecode.c.h; path = JESAOwnNewsTableViewController.h; sourceTree = "<group>"; };
		EDEB49891AF6DB090078F8D8 /* JESAOwnNewsTableViewController.m */ = {isa = PBXFileReference; fileEncoding = 4; lastKnownFileType = sourcecode.c.objc; path = JESAOwnNewsTableViewController.m; sourceTree = "<group>"; };
		EDEB498B1AF6DB3D0078F8D8 /* JESAAuthorNewCellView.h */ = {isa = PBXFileReference; fileEncoding = 4; lastKnownFileType = sourcecode.c.h; path = JESAAuthorNewCellView.h; sourceTree = "<group>"; };
		EDEB498C1AF6DB3D0078F8D8 /* JESAAuthorNewCellView.m */ = {isa = PBXFileReference; fileEncoding = 4; lastKnownFileType = sourcecode.c.objc; path = JESAAuthorNewCellView.m; sourceTree = "<group>"; };
		EDEB498D1AF6DB3D0078F8D8 /* JESAAuthorNewCellView.xib */ = {isa = PBXFileReference; fileEncoding = 4; lastKnownFileType = file.xib; path = JESAAuthorNewCellView.xib; sourceTree = "<group>"; };
/* End PBXFileReference section */

/* Begin PBXFrameworksBuildPhase section */
		ED43C16A1AEFE3ED0060D1DD /* Frameworks */ = {
			isa = PBXFrameworksBuildPhase;
			buildActionMask = 2147483647;
			files = (
				ED43C1971AEFF1580060D1DD /* WindowsAzureMobileServices.framework in Frameworks */,
			);
			runOnlyForDeploymentPostprocessing = 0;
		};
		ED43C1831AEFE3EE0060D1DD /* Frameworks */ = {
			isa = PBXFrameworksBuildPhase;
			buildActionMask = 2147483647;
			files = (
			);
			runOnlyForDeploymentPostprocessing = 0;
		};
/* End PBXFrameworksBuildPhase section */

/* Begin PBXGroup section */
		ED43C1641AEFE3ED0060D1DD = {
			isa = PBXGroup;
			children = (
				ED43C16F1AEFE3ED0060D1DD /* ScoopsPucela */,
				ED43C1891AEFE3EE0060D1DD /* ScoopsPucelaTests */,
				ED43C16E1AEFE3ED0060D1DD /* Products */,
				ED43C1961AEFF1580060D1DD /* WindowsAzureMobileServices.framework */,
			);
			sourceTree = "<group>";
		};
		ED43C16E1AEFE3ED0060D1DD /* Products */ = {
			isa = PBXGroup;
			children = (
				ED43C16D1AEFE3ED0060D1DD /* ScoopsPucela.app */,
				ED43C1861AEFE3EE0060D1DD /* ScoopsPucelaTests.xctest */,
			);
			name = Products;
			sourceTree = "<group>";
		};
		ED43C16F1AEFE3ED0060D1DD /* ScoopsPucela */ = {
			isa = PBXGroup;
			children = (
				EDD135601AF4E4770005BBB5 /* Resources */,
				EDD135581AF4BCE50005BBB5 /* Views */,
				ED43C1991AF01C4B0060D1DD /* Controllers */,
				ED43C1741AEFE3ED0060D1DD /* AppDelegate.h */,
				ED43C1751AEFE3ED0060D1DD /* AppDelegate.m */,
				ED43C17D1AEFE3EE0060D1DD /* Images.xcassets */,
				ED43C17F1AEFE3EE0060D1DD /* LaunchScreen.xib */,
				EDD135541AF36DC10005BBB5 /* Main.storyboard */,
				ED43C1701AEFE3ED0060D1DD /* Supporting Files */,
				ED43C1981AEFF16F0060D1DD /* Settings.h */,
				EDD135571AF38A920005BBB5 /* Models */,
			);
			path = ScoopsPucela;
			sourceTree = "<group>";
		};
		ED43C1701AEFE3ED0060D1DD /* Supporting Files */ = {
			isa = PBXGroup;
			children = (
				ED43C1711AEFE3ED0060D1DD /* Info.plist */,
				ED43C1721AEFE3ED0060D1DD /* main.m */,
			);
			name = "Supporting Files";
			sourceTree = "<group>";
		};
		ED43C1891AEFE3EE0060D1DD /* ScoopsPucelaTests */ = {
			isa = PBXGroup;
			children = (
				ED43C18C1AEFE3EE0060D1DD /* ScoopsPucelaTests.m */,
				ED43C18A1AEFE3EE0060D1DD /* Supporting Files */,
			);
			path = ScoopsPucelaTests;
			sourceTree = "<group>";
		};
		ED43C18A1AEFE3EE0060D1DD /* Supporting Files */ = {
			isa = PBXGroup;
			children = (
				ED43C18B1AEFE3EE0060D1DD /* Info.plist */,
			);
			name = "Supporting Files";
			sourceTree = "<group>";
		};
		ED43C1991AF01C4B0060D1DD /* Controllers */ = {
			isa = PBXGroup;
			children = (
				ED43C1771AEFE3ED0060D1DD /* ViewController.h */,
				ED43C1781AEFE3ED0060D1DD /* ViewController.m */,
				ED43C19A1AF01CA60060D1DD /* JESAAutoresViewController.h */,
				ED43C19B1AF01CA60060D1DD /* JESAAutoresViewController.m */,
				ED43C19D1AF01D630060D1DD /* JESANewsTableViewController.h */,
				ED43C19E1AF01D630060D1DD /* JESANewsTableViewController.m */,
				EDEB49881AF6DB090078F8D8 /* JESAOwnNewsTableViewController.h */,
				EDEB49891AF6DB090078F8D8 /* JESAOwnNewsTableViewController.m */,
			);
			name = Controllers;
			sourceTree = "<group>";
		};
		EDD135571AF38A920005BBB5 /* Models */ = {
			isa = PBXGroup;
			children = (
				EDE9A6251AF151DE007F894D /* JESANews.h */,
				EDE9A6261AF151DE007F894D /* JESANews.m */,
				EDD135611AF51F600005BBB5 /* JESALocation.h */,
				EDD135621AF51F600005BBB5 /* JESALocation.m */,
			);
			name = Models;
			sourceTree = "<group>";
		};
		EDD135581AF4BCE50005BBB5 /* Views */ = {
			isa = PBXGroup;
			children = (
				EDD135591AF4BD3E0005BBB5 /* JESANewCellView.h */,
				EDD1355A1AF4BD3E0005BBB5 /* JESANewCellView.m */,
				EDD1355B1AF4BD3E0005BBB5 /* JESANewCellView.xib */,
				EDEB498B1AF6DB3D0078F8D8 /* JESAAuthorNewCellView.h */,
				EDEB498C1AF6DB3D0078F8D8 /* JESAAuthorNewCellView.m */,
				EDEB498D1AF6DB3D0078F8D8 /* JESAAuthorNewCellView.xib */,
			);
			name = Views;
			sourceTree = "<group>";
		};
		EDD135601AF4E4770005BBB5 /* Resources */ = {
			isa = PBXGroup;
			children = (
				EDD1355E1AF4E46E0005BBB5 /* noimage.png */,
			);
			name = Resources;
			sourceTree = "<group>";
		};
/* End PBXGroup section */

/* Begin PBXNativeTarget section */
		ED43C16C1AEFE3ED0060D1DD /* ScoopsPucela */ = {
			isa = PBXNativeTarget;
			buildConfigurationList = ED43C1901AEFE3EE0060D1DD /* Build configuration list for PBXNativeTarget "ScoopsPucela" */;
			buildPhases = (
				ED43C1691AEFE3ED0060D1DD /* Sources */,
				ED43C16A1AEFE3ED0060D1DD /* Frameworks */,
				ED43C16B1AEFE3ED0060D1DD /* Resources */,
			);
			buildRules = (
			);
			dependencies = (
			);
			name = ScoopsPucela;
			productName = ScoopsPucela;
			productReference = ED43C16D1AEFE3ED0060D1DD /* ScoopsPucela.app */;
			productType = "com.apple.product-type.application";
		};
		ED43C1851AEFE3EE0060D1DD /* ScoopsPucelaTests */ = {
			isa = PBXNativeTarget;
			buildConfigurationList = ED43C1931AEFE3EE0060D1DD /* Build configuration list for PBXNativeTarget "ScoopsPucelaTests" */;
			buildPhases = (
				ED43C1821AEFE3EE0060D1DD /* Sources */,
				ED43C1831AEFE3EE0060D1DD /* Frameworks */,
				ED43C1841AEFE3EE0060D1DD /* Resources */,
			);
			buildRules = (
			);
			dependencies = (
				ED43C1881AEFE3EE0060D1DD /* PBXTargetDependency */,
			);
			name = ScoopsPucelaTests;
			productName = ScoopsPucelaTests;
			productReference = ED43C1861AEFE3EE0060D1DD /* ScoopsPucelaTests.xctest */;
			productType = "com.apple.product-type.bundle.unit-test";
		};
/* End PBXNativeTarget section */

/* Begin PBXProject section */
		ED43C1651AEFE3ED0060D1DD /* Project object */ = {
			isa = PBXProject;
			attributes = {
				LastUpgradeCheck = 0630;
				ORGANIZATIONNAME = Devappify;
				TargetAttributes = {
					ED43C16C1AEFE3ED0060D1DD = {
						CreatedOnToolsVersion = 6.3.1;
						DevelopmentTeam = 77CWZUCG47;
					};
					ED43C1851AEFE3EE0060D1DD = {
						CreatedOnToolsVersion = 6.3.1;
						TestTargetID = ED43C16C1AEFE3ED0060D1DD;
					};
				};
			};
			buildConfigurationList = ED43C1681AEFE3ED0060D1DD /* Build configuration list for PBXProject "ScoopsPucela" */;
			compatibilityVersion = "Xcode 3.2";
			developmentRegion = English;
			hasScannedForEncodings = 0;
			knownRegions = (
				en,
				Base,
			);
			mainGroup = ED43C1641AEFE3ED0060D1DD;
			productRefGroup = ED43C16E1AEFE3ED0060D1DD /* Products */;
			projectDirPath = "";
			projectRoot = "";
			targets = (
				ED43C16C1AEFE3ED0060D1DD /* ScoopsPucela */,
				ED43C1851AEFE3EE0060D1DD /* ScoopsPucelaTests */,
			);
		};
/* End PBXProject section */

/* Begin PBXResourcesBuildPhase section */
		ED43C16B1AEFE3ED0060D1DD /* Resources */ = {
			isa = PBXResourcesBuildPhase;
			buildActionMask = 2147483647;
			files = (
				EDD1355F1AF4E46E0005BBB5 /* noimage.png in Resources */,
				EDEB498F1AF6DB3D0078F8D8 /* JESAAuthorNewCellView.xib in Resources */,
				EDD1355D1AF4BD3E0005BBB5 /* JESANewCellView.xib in Resources */,
				EDD135561AF36DC10005BBB5 /* Main.storyboard in Resources */,
				ED43C1811AEFE3EE0060D1DD /* LaunchScreen.xib in Resources */,
				ED43C17E1AEFE3EE0060D1DD /* Images.xcassets in Resources */,
			);
			runOnlyForDeploymentPostprocessing = 0;
		};
		ED43C1841AEFE3EE0060D1DD /* Resources */ = {
			isa = PBXResourcesBuildPhase;
			buildActionMask = 2147483647;
			files = (
			);
			runOnlyForDeploymentPostprocessing = 0;
		};
/* End PBXResourcesBuildPhase section */

/* Begin PBXSourcesBuildPhase section */
		ED43C1691AEFE3ED0060D1DD /* Sources */ = {
			isa = PBXSourcesBuildPhase;
			buildActionMask = 2147483647;
			files = (
				EDEB498A1AF6DB090078F8D8 /* JESAOwnNewsTableViewController.m in Sources */,
				ED43C1791AEFE3ED0060D1DD /* ViewController.m in Sources */,
				ED43C1761AEFE3ED0060D1DD /* AppDelegate.m in Sources */,
				ED43C19F1AF01D630060D1DD /* JESANewsTableViewController.m in Sources */,
				EDD1355C1AF4BD3E0005BBB5 /* JESANewCellView.m in Sources */,
				EDE9A6271AF151DE007F894D /* JESANews.m in Sources */,
				EDD135631AF51F610005BBB5 /* JESALocation.m in Sources */,
				EDEB498E1AF6DB3D0078F8D8 /* JESAAuthorNewCellView.m in Sources */,
				ED43C1731AEFE3ED0060D1DD /* main.m in Sources */,
				ED43C19C1AF01CA70060D1DD /* JESAAutoresViewController.m in Sources */,
			);
			runOnlyForDeploymentPostprocessing = 0;
		};
		ED43C1821AEFE3EE0060D1DD /* Sources */ = {
			isa = PBXSourcesBuildPhase;
			buildActionMask = 2147483647;
			files = (
				ED43C18D1AEFE3EE0060D1DD /* ScoopsPucelaTests.m in Sources */,
			);
			runOnlyForDeploymentPostprocessing = 0;
		};
/* End PBXSourcesBuildPhase section */

/* Begin PBXTargetDependency section */
		ED43C1881AEFE3EE0060D1DD /* PBXTargetDependency */ = {
			isa = PBXTargetDependency;
			target = ED43C16C1AEFE3ED0060D1DD /* ScoopsPucela */;
			targetProxy = ED43C1871AEFE3EE0060D1DD /* PBXContainerItemProxy */;
		};
/* End PBXTargetDependency section */

/* Begin PBXVariantGroup section */
		ED43C17F1AEFE3EE0060D1DD /* LaunchScreen.xib */ = {
			isa = PBXVariantGroup;
			children = (
				ED43C1801AEFE3EE0060D1DD /* Base */,
			);
			name = LaunchScreen.xib;
			sourceTree = "<group>";
		};
		EDD135541AF36DC10005BBB5 /* Main.storyboard */ = {
			isa = PBXVariantGroup;
			children = (
				EDD135551AF36DC10005BBB5 /* Base */,
			);
			name = Main.storyboard;
			sourceTree = "<group>";
		};
/* End PBXVariantGroup section */

/* Begin XCBuildConfiguration section */
		ED43C18E1AEFE3EE0060D1DD /* Debug */ = {
			isa = XCBuildConfiguration;
			buildSettings = {
				ALWAYS_SEARCH_USER_PATHS = NO;
				CLANG_CXX_LANGUAGE_STANDARD = "gnu++0x";
				CLANG_CXX_LIBRARY = "libc++";
				CLANG_ENABLE_MODULES = YES;
				CLANG_ENABLE_OBJC_ARC = YES;
				CLANG_WARN_BOOL_CONVERSION = YES;
				CLANG_WARN_CONSTANT_CONVERSION = YES;
				CLANG_WARN_DIRECT_OBJC_ISA_USAGE = YES_ERROR;
				CLANG_WARN_EMPTY_BODY = YES;
				CLANG_WARN_ENUM_CONVERSION = YES;
				CLANG_WARN_INT_CONVERSION = YES;
				CLANG_WARN_OBJC_ROOT_CLASS = YES_ERROR;
				CLANG_WARN_UNREACHABLE_CODE = YES;
				CLANG_WARN__DUPLICATE_METHOD_MATCH = YES;
				"CODE_SIGN_IDENTITY[sdk=iphoneos*]" = "iPhone Developer";
				COPY_PHASE_STRIP = NO;
				DEBUG_INFORMATION_FORMAT = "dwarf-with-dsym";
				ENABLE_STRICT_OBJC_MSGSEND = YES;
				GCC_C_LANGUAGE_STANDARD = gnu99;
				GCC_DYNAMIC_NO_PIC = NO;
				GCC_NO_COMMON_BLOCKS = YES;
				GCC_OPTIMIZATION_LEVEL = 0;
				GCC_PREPROCESSOR_DEFINITIONS = (
					"DEBUG=1",
					"$(inherited)",
				);
				GCC_SYMBOLS_PRIVATE_EXTERN = NO;
				GCC_WARN_64_TO_32_BIT_CONVERSION = YES;
				GCC_WARN_ABOUT_RETURN_TYPE = YES_ERROR;
				GCC_WARN_UNDECLARED_SELECTOR = YES;
				GCC_WARN_UNINITIALIZED_AUTOS = YES_AGGRESSIVE;
				GCC_WARN_UNUSED_FUNCTION = YES;
				GCC_WARN_UNUSED_VARIABLE = YES;
				IPHONEOS_DEPLOYMENT_TARGET = 8.3;
				MTL_ENABLE_DEBUG_INFO = YES;
				ONLY_ACTIVE_ARCH = YES;
				SDKROOT = iphoneos;
			};
			name = Debug;
		};
		ED43C18F1AEFE3EE0060D1DD /* Release */ = {
			isa = XCBuildConfiguration;
			buildSettings = {
				ALWAYS_SEARCH_USER_PATHS = NO;
				CLANG_CXX_LANGUAGE_STANDARD = "gnu++0x";
				CLANG_CXX_LIBRARY = "libc++";
				CLANG_ENABLE_MODULES = YES;
				CLANG_ENABLE_OBJC_ARC = YES;
				CLANG_WARN_BOOL_CONVERSION = YES;
				CLANG_WARN_CONSTANT_CONVERSION = YES;
				CLANG_WARN_DIRECT_OBJC_ISA_USAGE = YES_ERROR;
				CLANG_WARN_EMPTY_BODY = YES;
				CLANG_WARN_ENUM_CONVERSION = YES;
				CLANG_WARN_INT_CONVERSION = YES;
				CLANG_WARN_OBJC_ROOT_CLASS = YES_ERROR;
				CLANG_WARN_UNREACHABLE_CODE = YES;
				CLANG_WARN__DUPLICATE_METHOD_MATCH = YES;
				"CODE_SIGN_IDENTITY[sdk=iphoneos*]" = "iPhone Developer";
				COPY_PHASE_STRIP = NO;
				DEBUG_INFORMATION_FORMAT = "dwarf-with-dsym";
				ENABLE_NS_ASSERTIONS = NO;
				ENABLE_STRICT_OBJC_MSGSEND = YES;
				GCC_C_LANGUAGE_STANDARD = gnu99;
				GCC_NO_COMMON_BLOCKS = YES;
				GCC_WARN_64_TO_32_BIT_CONVERSION = YES;
				GCC_WARN_ABOUT_RETURN_TYPE = YES_ERROR;
				GCC_WARN_UNDECLARED_SELECTOR = YES;
				GCC_WARN_UNINITIALIZED_AUTOS = YES_AGGRESSIVE;
				GCC_WARN_UNUSED_FUNCTION = YES;
				GCC_WARN_UNUSED_VARIABLE = YES;
				IPHONEOS_DEPLOYMENT_TARGET = 8.3;
				MTL_ENABLE_DEBUG_INFO = NO;
				SDKROOT = iphoneos;
				VALIDATE_PRODUCT = YES;
			};
			name = Release;
		};
		ED43C1911AEFE3EE0060D1DD /* Debug */ = {
			isa = XCBuildConfiguration;
			buildSettings = {
				ASSETCATALOG_COMPILER_APPICON_NAME = AppIcon;
				CODE_SIGN_IDENTITY = "iPhone Developer: Jose Enrique Sanchez (CJFDN367AT)";
				"CODE_SIGN_IDENTITY[sdk=iphoneos*]" = "iPhone Developer: Jose Enrique Sanchez (CJFDN367AT)";
				FRAMEWORK_SEARCH_PATHS = (
					"$(inherited)",
					"$(PROJECT_DIR)",
				);
				INFOPLIST_FILE = ScoopsPucela/Info.plist;
				LD_RUNPATH_SEARCH_PATHS = "$(inherited) @executable_path/Frameworks";
				PRODUCT_NAME = "$(TARGET_NAME)";
				PROVISIONING_PROFILE = "";
			};
			name = Debug;
		};
		ED43C1921AEFE3EE0060D1DD /* Release */ = {
			isa = XCBuildConfiguration;
			buildSettings = {
				ASSETCATALOG_COMPILER_APPICON_NAME = AppIcon;
				CODE_SIGN_IDENTITY = "iPhone Developer: Jose Enrique Sanchez (CJFDN367AT)";
				"CODE_SIGN_IDENTITY[sdk=iphoneos*]" = "iPhone Developer: Jose Enrique Sanchez (CJFDN367AT)";
				FRAMEWORK_SEARCH_PATHS = (
					"$(inherited)",
					"$(PROJECT_DIR)",
				);
				INFOPLIST_FILE = ScoopsPucela/Info.plist;
				LD_RUNPATH_SEARCH_PATHS = "$(inherited) @executable_path/Frameworks";
				PRODUCT_NAME = "$(TARGET_NAME)";
				PROVISIONING_PROFILE = "";
			};
			name = Release;
		};
		ED43C1941AEFE3EE0060D1DD /* Debug */ = {
			isa = XCBuildConfiguration;
			buildSettings = {
				BUNDLE_LOADER = "$(TEST_HOST)";
				FRAMEWORK_SEARCH_PATHS = (
					"$(SDKROOT)/Developer/Library/Frameworks",
					"$(inherited)",
				);
				GCC_PREPROCESSOR_DEFINITIONS = (
					"DEBUG=1",
					"$(inherited)",
				);
				INFOPLIST_FILE = ScoopsPucelaTests/Info.plist;
				LD_RUNPATH_SEARCH_PATHS = "$(inherited) @executable_path/Frameworks @loader_path/Frameworks";
				PRODUCT_NAME = "$(TARGET_NAME)";
				TEST_HOST = "$(BUILT_PRODUCTS_DIR)/ScoopsPucela.app/ScoopsPucela";
			};
			name = Debug;
		};
		ED43C1951AEFE3EE0060D1DD /* Release */ = {
			isa = XCBuildConfiguration;
			buildSettings = {
				BUNDLE_LOADER = "$(TEST_HOST)";
				FRAMEWORK_SEARCH_PATHS = (
					"$(SDKROOT)/Developer/Library/Frameworks",
					"$(inherited)",
				);
				INFOPLIST_FILE = ScoopsPucelaTests/Info.plist;
				LD_RUNPATH_SEARCH_PATHS = "$(inherited) @executable_path/Frameworks @loader_path/Frameworks";
				PRODUCT_NAME = "$(TARGET_NAME)";
				TEST_HOST = "$(BUILT_PRODUCTS_DIR)/ScoopsPucela.app/ScoopsPucela";
			};
			name = Release;
		};
/* End XCBuildConfiguration section */

/* Begin XCConfigurationList section */
		ED43C1681AEFE3ED0060D1DD /* Build configuration list for PBXProject "ScoopsPucela" */ = {
			isa = XCConfigurationList;
			buildConfigurations = (
				ED43C18E1AEFE3EE0060D1DD /* Debug */,
				ED43C18F1AEFE3EE0060D1DD /* Release */,
			);
			defaultConfigurationIsVisible = 0;
			defaultConfigurationName = Release;
		};
		ED43C1901AEFE3EE0060D1DD /* Build configuration list for PBXNativeTarget "ScoopsPucela" */ = {
			isa = XCConfigurationList;
			buildConfigurations = (
				ED43C1911AEFE3EE0060D1DD /* Debug */,
				ED43C1921AEFE3EE0060D1DD /* Release */,
			);
			defaultConfigurationIsVisible = 0;
			defaultConfigurationName = Release;
		};
		ED43C1931AEFE3EE0060D1DD /* Build configuration list for PBXNativeTarget "ScoopsPucelaTests" */ = {
			isa = XCConfigurationList;
			buildConfigurations = (
				ED43C1941AEFE3EE0060D1DD /* Debug */,
				ED43C1951AEFE3EE0060D1DD /* Release */,
			);
			defaultConfigurationIsVisible = 0;
			defaultConfigurationName = Release;
		};
/* End XCConfigurationList section */
	};
	rootObject = ED43C1651AEFE3ED0060D1DD /* Project object */;
}
